
Microsoft Visual Studio Solution File, Format Version 12.00
# Visual Studio Version 17
VisualStudioVersion = 17.1.32319.34
MinimumVisualStudioVersion = 10.0.40219.1
Project("{9A19103F-16F7-4668-BE54-9A1E7A4F7556}") = "House", "House\House.csproj", "{75AA7DDD-BBC4-4A84-81FB-6D7C88FA02B7}"
EndProject
Project("{9A19103F-16F7-4668-BE54-9A1E7A4F7556}") = "House.ApplicationService", "House.ApplicationService\House.ApplicationService.csproj", "{876F86C8-82D4-4BFE-8B43-C5866B6F9608}"
EndProject
Project("{9A19103F-16F7-4668-BE54-9A1E7A4F7556}") = "House.Core", "House.Core\House.Core.csproj", "{2AD1CC8F-A621-4159-917F-34D34998B40F}"
EndProject
Project("{9A19103F-16F7-4668-BE54-9A1E7A4F7556}") = "House.Data", "House.Data\House.Data.csproj", "{F17D5C53-5175-4E38-90F2-20200C4F70EB}"
EndProject
Project("{FAE04EC0-301F-11D3-BF4B-00C04F79EFBC}") = "House.BuildingTest", "House.BuildingTest\House.BuildingTest.csproj", "{6298D87A-47ED-4CAB-978D-397BC3EA41F8}"
EndProject
Global
	GlobalSection(SolutionConfigurationPlatforms) = preSolution
		Debug|Any CPU = Debug|Any CPU
		Release|Any CPU = Release|Any CPU
	EndGlobalSection
	GlobalSection(ProjectConfigurationPlatforms) = postSolution
		{75AA7DDD-BBC4-4A84-81FB-6D7C88FA02B7}.Debug|Any CPU.ActiveCfg = Debug|Any CPU
		{75AA7DDD-BBC4-4A84-81FB-6D7C88FA02B7}.Debug|Any CPU.Build.0 = Debug|Any CPU
		{75AA7DDD-BBC4-4A84-81FB-6D7C88FA02B7}.Release|Any CPU.ActiveCfg = Release|Any CPU
		{75AA7DDD-BBC4-4A84-81FB-6D7C88FA02B7}.Release|Any CPU.Build.0 = Release|Any CPU
		{876F86C8-82D4-4BFE-8B43-C5866B6F9608}.Debug|Any CPU.ActiveCfg = Debug|Any CPU
		{876F86C8-82D4-4BFE-8B43-C5866B6F9608}.Debug|Any CPU.Build.0 = Debug|Any CPU
		{876F86C8-82D4-4BFE-8B43-C5866B6F9608}.Release|Any CPU.ActiveCfg = Release|Any CPU
		{876F86C8-82D4-4BFE-8B43-C5866B6F9608}.Release|Any CPU.Build.0 = Release|Any CPU
		{2AD1CC8F-A621-4159-917F-34D34998B40F}.Debug|Any CPU.ActiveCfg = Debug|Any CPU
		{2AD1CC8F-A621-4159-917F-34D34998B40F}.Debug|Any CPU.Build.0 = Debug|Any CPU
		{2AD1CC8F-A621-4159-917F-34D34998B40F}.Release|Any CPU.ActiveCfg = Release|Any CPU
		{2AD1CC8F-A621-4159-917F-34D34998B40F}.Release|Any CPU.Build.0 = Release|Any CPU
		{F17D5C53-5175-4E38-90F2-20200C4F70EB}.Debug|Any CPU.ActiveCfg = Debug|Any CPU
		{F17D5C53-5175-4E38-90F2-20200C4F70EB}.Debug|Any CPU.Build.0 = Debug|Any CPU
		{F17D5C53-5175-4E38-90F2-20200C4F70EB}.Release|Any CPU.ActiveCfg = Release|Any CPU
		{F17D5C53-5175-4E38-90F2-20200C4F70EB}.Release|Any CPU.Build.0 = Release|Any CPU
		{6298D87A-47ED-4CAB-978D-397BC3EA41F8}.Debug|Any CPU.ActiveCfg = Debug|Any CPU
		{6298D87A-47ED-4CAB-978D-397BC3EA41F8}.Debug|Any CPU.Build.0 = Debug|Any CPU
		{6298D87A-47ED-4CAB-978D-397BC3EA41F8}.Release|Any CPU.ActiveCfg = Release|Any CPU
		{6298D87A-47ED-4CAB-978D-397BC3EA41F8}.Release|Any CPU.Build.0 = Release|Any CPU
	EndGlobalSection
	GlobalSection(SolutionProperties) = preSolution
		HideSolutionNode = FALSE
	EndGlobalSection
	GlobalSection(ExtensibilityGlobals) = postSolution
		SolutionGuid = {C3B4F520-85F8-4CA8-9489-EF858378CF65}
	EndGlobalSection
EndGlobal
